// !$*UTF8*$!
{
	archiveVersion = 1;
	classes = {
	};
	objectVersion = 46;
	objects = {

/* Begin PBXBuildFile section */
		840E22661F589B1F00A8C3CC /* NotaTableViewCell.swift in Sources */ = {isa = PBXBuildFile; fileRef = 840E22651F589B1F00A8C3CC /* NotaTableViewCell.swift */; };
		840E22691F58A7F500A8C3CC /* Main.storyboard in Resources */ = {isa = PBXBuildFile; fileRef = 840E22671F58A7F500A8C3CC /* Main.storyboard */; };
		8491A7301F5739AD008CFFCE /* AppDelegate.swift in Sources */ = {isa = PBXBuildFile; fileRef = 8491A72F1F5739AD008CFFCE /* AppDelegate.swift */; };
		8491A7381F5739AD008CFFCE /* Keeper.xcdatamodeld in Sources */ = {isa = PBXBuildFile; fileRef = 8491A7361F5739AD008CFFCE /* Keeper.xcdatamodeld */; };
		8491A73A1F5739AD008CFFCE /* Assets.xcassets in Resources */ = {isa = PBXBuildFile; fileRef = 8491A7391F5739AD008CFFCE /* Assets.xcassets */; };
		8491A73D1F5739AD008CFFCE /* LaunchScreen.storyboard in Resources */ = {isa = PBXBuildFile; fileRef = 8491A73B1F5739AD008CFFCE /* LaunchScreen.storyboard */; };
		8491A7451F573A92008CFFCE /* ListarTableViewController.swift in Sources */ = {isa = PBXBuildFile; fileRef = 8491A7441F573A92008CFFCE /* ListarTableViewController.swift */; };
		8491A7471F573AED008CFFCE /* FormularioViewController.swift in Sources */ = {isa = PBXBuildFile; fileRef = 8491A7461F573AED008CFFCE /* FormularioViewController.swift */; };
		8491A7491F573B19008CFFCE /* SobreViewController.swift in Sources */ = {isa = PBXBuildFile; fileRef = 8491A7481F573B19008CFFCE /* SobreViewController.swift */; };
		8491A74C1F573BC4008CFFCE /* Nota.swift in Sources */ = {isa = PBXBuildFile; fileRef = 8491A74B1F573BC4008CFFCE /* Nota.swift */; };
		8491A74E1F573BE1008CFFCE /* Cadastro.swift in Sources */ = {isa = PBXBuildFile; fileRef = 8491A74D1F573BE1008CFFCE /* Cadastro.swift */; };
/* End PBXBuildFile section */

/* Begin PBXFileReference section */
		840E22651F589B1F00A8C3CC /* NotaTableViewCell.swift */ = {isa = PBXFileReference; fileEncoding = 4; lastKnownFileType = sourcecode.swift; path = NotaTableViewCell.swift; sourceTree = "<group>"; };
		840E22681F58A7F500A8C3CC /* Base */ = {isa = PBXFileReference; lastKnownFileType = file.storyboard; name = Base; path = Base.lproj/Main.storyboard; sourceTree = "<group>"; };
		8491A72C1F5739AD008CFFCE /* Keeper.app */ = {isa = PBXFileReference; explicitFileType = wrapper.application; includeInIndex = 0; path = Keeper.app; sourceTree = BUILT_PRODUCTS_DIR; };
		8491A72F1F5739AD008CFFCE /* AppDelegate.swift */ = {isa = PBXFileReference; lastKnownFileType = sourcecode.swift; path = AppDelegate.swift; sourceTree = "<group>"; };
		8491A7371F5739AD008CFFCE /* Keeper.xcdatamodel */ = {isa = PBXFileReference; lastKnownFileType = wrapper.xcdatamodel; path = Keeper.xcdatamodel; sourceTree = "<group>"; };
		8491A7391F5739AD008CFFCE /* Assets.xcassets */ = {isa = PBXFileReference; lastKnownFileType = folder.assetcatalog; path = Assets.xcassets; sourceTree = "<group>"; };
		8491A73C1F5739AD008CFFCE /* Base */ = {isa = PBXFileReference; lastKnownFileType = file.storyboard; name = Base; path = Base.lproj/LaunchScreen.storyboard; sourceTree = "<group>"; };
		8491A73E1F5739AD008CFFCE /* Info.plist */ = {isa = PBXFileReference; lastKnownFileType = text.plist.xml; path = Info.plist; sourceTree = "<group>"; };
		8491A7441F573A92008CFFCE /* ListarTableViewController.swift */ = {isa = PBXFileReference; fileEncoding = 4; lastKnownFileType = sourcecode.swift; path = ListarTableViewController.swift; sourceTree = "<group>"; };
		8491A7461F573AED008CFFCE /* FormularioViewController.swift */ = {isa = PBXFileReference; fileEncoding = 4; lastKnownFileType = sourcecode.swift; path = FormularioViewController.swift; sourceTree = "<group>"; };
		8491A7481F573B19008CFFCE /* SobreViewController.swift */ = {isa = PBXFileReference; fileEncoding = 4; lastKnownFileType = sourcecode.swift; path = SobreViewController.swift; sourceTree = "<group>"; };
		8491A74B1F573BC4008CFFCE /* Nota.swift */ = {isa = PBXFileReference; fileEncoding = 4; lastKnownFileType = sourcecode.swift; path = Nota.swift; sourceTree = "<group>"; };
		8491A74D1F573BE1008CFFCE /* Cadastro.swift */ = {isa = PBXFileReference; fileEncoding = 4; lastKnownFileType = sourcecode.swift; path = Cadastro.swift; sourceTree = "<group>"; };
/* End PBXFileReference section */

/* Begin PBXFrameworksBuildPhase section */
		8491A7291F5739AD008CFFCE /* Frameworks */ = {
			isa = PBXFrameworksBuildPhase;
			buildActionMask = 2147483647;
			files = (
			);
			runOnlyForDeploymentPostprocessing = 0;
		};
/* End PBXFrameworksBuildPhase section */

/* Begin PBXGroup section */
		8491A7231F5739AD008CFFCE = {
			isa = PBXGroup;
			children = (
				8491A72E1F5739AD008CFFCE /* Keeper */,
				8491A72D1F5739AD008CFFCE /* Products */,
			);
			sourceTree = "<group>";
		};
		8491A72D1F5739AD008CFFCE /* Products */ = {
			isa = PBXGroup;
			children = (
				8491A72C1F5739AD008CFFCE /* Keeper.app */,
			);
			name = Products;
			sourceTree = "<group>";
		};
		8491A72E1F5739AD008CFFCE /* Keeper */ = {
			isa = PBXGroup;
			children = (
				8491A74A1F573B99008CFFCE /* model */,
				8491A72F1F5739AD008CFFCE /* AppDelegate.swift */,
				8491A7391F5739AD008CFFCE /* Assets.xcassets */,
				840E22671F58A7F500A8C3CC /* Main.storyboard */,
				8491A73B1F5739AD008CFFCE /* LaunchScreen.storyboard */,
				8491A73E1F5739AD008CFFCE /* Info.plist */,
				8491A7361F5739AD008CFFCE /* Keeper.xcdatamodeld */,
				8491A7441F573A92008CFFCE /* ListarTableViewController.swift */,
				8491A7461F573AED008CFFCE /* FormularioViewController.swift */,
				8491A7481F573B19008CFFCE /* SobreViewController.swift */,
				840E22651F589B1F00A8C3CC /* NotaTableViewCell.swift */,
			);
			path = Keeper;
			sourceTree = "<group>";
		};
		8491A74A1F573B99008CFFCE /* model */ = {
			isa = PBXGroup;
			children = (
				8491A74B1F573BC4008CFFCE /* Nota.swift */,
				8491A74D1F573BE1008CFFCE /* Cadastro.swift */,
			);
			name = model;
			sourceTree = "<group>";
		};
/* End PBXGroup section */

/* Begin PBXNativeTarget section */
		8491A72B1F5739AD008CFFCE /* Keeper */ = {
			isa = PBXNativeTarget;
			buildConfigurationList = 8491A7411F5739AD008CFFCE /* Build configuration list for PBXNativeTarget "Keeper" */;
			buildPhases = (
				8491A7281F5739AD008CFFCE /* Sources */,
				8491A7291F5739AD008CFFCE /* Frameworks */,
				8491A72A1F5739AD008CFFCE /* Resources */,
			);
			buildRules = (
			);
			dependencies = (
			);
			name = Keeper;
			productName = Keeper;
			productReference = 8491A72C1F5739AD008CFFCE /* Keeper.app */;
			productType = "com.apple.product-type.application";
		};
/* End PBXNativeTarget section */

/* Begin PBXProject section */
		8491A7241F5739AD008CFFCE /* Project object */ = {
			isa = PBXProject;
			attributes = {
				LastSwiftUpdateCheck = 0800;
				LastUpgradeCheck = 0800;
				ORGANIZATIONNAME = Kepper;
				TargetAttributes = {
					8491A72B1F5739AD008CFFCE = {
						CreatedOnToolsVersion = 8.0;
						ProvisioningStyle = Automatic;
					};
				};
			};
			buildConfigurationList = 8491A7271F5739AD008CFFCE /* Build configuration list for PBXProject "Keeper" */;
			compatibilityVersion = "Xcode 3.2";
			developmentRegion = English;
			hasScannedForEncodings = 0;
			knownRegions = (
				en,
				Base,
			);
			mainGroup = 8491A7231F5739AD008CFFCE;
			productRefGroup = 8491A72D1F5739AD008CFFCE /* Products */;
			projectDirPath = "";
			projectRoot = "";
			targets = (
				8491A72B1F5739AD008CFFCE /* Keeper */,
			);
		};
/* End PBXProject section */

/* Begin PBXResourcesBuildPhase section */
		8491A72A1F5739AD008CFFCE /* Resources */ = {
			isa = PBXResourcesBuildPhase;
			buildActionMask = 2147483647;
			files = (
				840E22691F58A7F500A8C3CC /* Main.storyboard in Resources */,
				8491A73D1F5739AD008CFFCE /* LaunchScreen.storyboard in Resources */,
				8491A73A1F5739AD008CFFCE /* Assets.xcassets in Resources */,
			);
			runOnlyForDeploymentPostprocessing = 0;
		};
/* End PBXResourcesBuildPhase section */

/* Begin PBXSourcesBuildPhase section */
		8491A7281F5739AD008CFFCE /* Sources */ = {
			isa = PBXSourcesBuildPhase;
			buildActionMask = 2147483647;
			files = (
				8491A74C1F573BC4008CFFCE /* Nota.swift in Sources */,
				8491A7491F573B19008CFFCE /* SobreViewController.swift in Sources */,
				8491A74E1F573BE1008CFFCE /* Cadastro.swift in Sources */,
				8491A7471F573AED008CFFCE /* FormularioViewController.swift in Sources */,
				8491A7451F573A92008CFFCE /* ListarTableViewController.swift in Sources */,
				8491A7381F5739AD008CFFCE /* Keeper.xcdatamodeld in Sources */,
				8491A7301F5739AD008CFFCE /* AppDelegate.swift in Sources */,
				840E22661F589B1F00A8C3CC /* NotaTableViewCell.swift in Sources */,
			);
			runOnlyForDeploymentPostprocessing = 0;
		};
/* End PBXSourcesBuildPhase section */

/* Begin PBXVariantGroup section */
		840E22671F58A7F500A8C3CC /* Main.storyboard */ = {
			isa = PBXVariantGroup;
			children = (
				840E22681F58A7F500A8C3CC /* Base */,
			);
			name = Main.storyboard;
			sourceTree = "<group>";
		};
		8491A73B1F5739AD008CFFCE /* LaunchScreen.storyboard */ = {
			isa = PBXVariantGroup;
			children = (
				8491A73C1F5739AD008CFFCE /* Base */,
			);
			name = LaunchScreen.storyboard;
			sourceTree = "<group>";
		};
/* End PBXVariantGroup section */

/* Begin XCBuildConfiguration section */
		8491A73F1F5739AD008CFFCE /* Debug */ = {
			isa = XCBuildConfiguration;
			buildSettings = {
				ALWAYS_SEARCH_USER_PATHS = NO;
				CLANG_ANALYZER_NONNULL = YES;
				CLANG_CXX_LANGUAGE_STANDARD = "gnu++0x";
				CLANG_CXX_LIBRARY = "libc++";
				CLANG_ENABLE_MODULES = YES;
				CLANG_ENABLE_OBJC_ARC = YES;
				CLANG_WARN_BOOL_CONVERSION = YES;
				CLANG_WARN_CONSTANT_CONVERSION = YES;
				CLANG_WARN_DIRECT_OBJC_ISA_USAGE = YES_ERROR;
				CLANG_WARN_DOCUMENTATION_COMMENTS = YES;
				CLANG_WARN_EMPTY_BODY = YES;
				CLANG_WARN_ENUM_CONVERSION = YES;
				CLANG_WARN_INFINITE_RECURSION = YES;
				CLANG_WARN_INT_CONVERSION = YES;
				CLANG_WARN_OBJC_ROOT_CLASS = YES_ERROR;
				CLANG_WARN_SUSPICIOUS_MOVES = YES;
				CLANG_WARN_UNREACHABLE_CODE = YES;
				CLANG_WARN__DUPLICATE_METHOD_MATCH = YES;
				"CODE_SIGN_IDENTITY[sdk=iphoneos*]" = "iPhone Developer";
				COPY_PHASE_STRIP = NO;
				DEBUG_INFORMATION_FORMAT = dwarf;
				ENABLE_STRICT_OBJC_MSGSEND = YES;
				ENABLE_TESTABILITY = YES;
				GCC_C_LANGUAGE_STANDARD = gnu99;
				GCC_DYNAMIC_NO_PIC = NO;
				GCC_NO_COMMON_BLOCKS = YES;
				GCC_OPTIMIZATION_LEVEL = 0;
				GCC_PREPROCESSOR_DEFINITIONS = (
					"DEBUG=1",
					"$(inherited)",
				);
				GCC_WARN_64_TO_32_BIT_CONVERSION = YES;
				GCC_WARN_ABOUT_RETURN_TYPE = YES_ERROR;
				GCC_WARN_UNDECLARED_SELECTOR = YES;
				GCC_WARN_UNINITIALIZED_AUTOS = YES_AGGRESSIVE;
				GCC_WARN_UNUSED_FUNCTION = YES;
				GCC_WARN_UNUSED_VARIABLE = YES;
				IPHONEOS_DEPLOYMENT_TARGET = 10.0;
				MTL_ENABLE_DEBUG_INFO = YES;
				ONLY_ACTIVE_ARCH = YES;
				SDKROOT = iphoneos;
				SWIFT_ACTIVE_COMPILATION_CONDITIONS = DEBUG;
				SWIFT_OPTIMIZATION_LEVEL = "-Onone";
			};
			name = Debug;
		};
		8491A7401F5739AD008CFFCE /* Release */ = {
			isa = XCBuildConfiguration;
			buildSettings = {
				ALWAYS_SEARCH_USER_PATHS = NO;
				CLANG_ANALYZER_NONNULL = YES;
				CLANG_CXX_LANGUAGE_STANDARD = "gnu++0x";
				CLANG_CXX_LIBRARY = "libc++";
				CLANG_ENABLE_MODULES = YES;
				CLANG_ENABLE_OBJC_ARC = YES;
				CLANG_WARN_BOOL_CONVERSION = YES;
				CLANG_WARN_CONSTANT_CONVERSION = YES;
				CLANG_WARN_DIRECT_OBJC_ISA_USAGE = YES_ERROR;
				CLANG_WARN_DOCUMENTATION_COMMENTS = YES;
				CLANG_WARN_EMPTY_BODY = YES;
				CLANG_WARN_ENUM_CONVERSION = YES;
				CLANG_WARN_INFINITE_RECURSION = YES;
				CLANG_WARN_INT_CONVERSION = YES;
				CLANG_WARN_OBJC_ROOT_CLASS = YES_ERROR;
				CLANG_WARN_SUSPICIOUS_MOVES = YES;
				CLANG_WARN_UNREACHABLE_CODE = YES;
				CLANG_WARN__DUPLICATE_METHOD_MATCH = YES;
				"CODE_SIGN_IDENTITY[sdk=iphoneos*]" = "iPhone Developer";
				COPY_PHASE_STRIP = NO;
				DEBUG_INFORMATION_FORMAT = "dwarf-with-dsym";
				ENABLE_NS_ASSERTIONS = NO;
				ENABLE_STRICT_OBJC_MSGSEND = YES;
				GCC_C_LANGUAGE_STANDARD = gnu99;
				GCC_NO_COMMON_BLOCKS = YES;
				GCC_WARN_64_TO_32_BIT_CONVERSION = YES;
				GCC_WARN_ABOUT_RETURN_TYPE = YES_ERROR;
				GCC_WARN_UNDECLARED_SELECTOR = YES;
				GCC_WARN_UNINITIALIZED_AUTOS = YES_AGGRESSIVE;
				GCC_WARN_UNUSED_FUNCTION = YES;
				GCC_WARN_UNUSED_VARIABLE = YES;
				IPHONEOS_DEPLOYMENT_TARGET = 10.0;
				MTL_ENABLE_DEBUG_INFO = NO;
				SDKROOT = iphoneos;
				SWIFT_OPTIMIZATION_LEVEL = "-Owholemodule";
				VALIDATE_PRODUCT = YES;
			};
			name = Release;
		};
		8491A7421F5739AD008CFFCE /* Debug */ = {
			isa = XCBuildConfiguration;
			buildSettings = {
				ASSETCATALOG_COMPILER_APPICON_NAME = AppIcon;
				ASSETCATALOG_COMPILER_LAUNCHIMAGE_NAME = LaunchImage;
				INFOPLIST_FILE = Keeper/Info.plist;
				LD_RUNPATH_SEARCH_PATHS = "$(inherited) @executable_path/Frameworks";
				PRODUCT_BUNDLE_IDENTIFIER = br.com.Keeper;
				PRODUCT_NAME = "$(TARGET_NAME)";
				SWIFT_VERSION = 3.0;
			};
			name = Debug;
		};
		8491A7431F5739AD008CFFCE /* Release */ = {
			isa = XCBuildConfiguration;
			buildSettings = {
				ASSETCATALOG_COMPILER_APPICON_NAME = AppIcon;
				ASSETCATALOG_COMPILER_LAUNCHIMAGE_NAME = LaunchImage;
				INFOPLIST_FILE = Keeper/Info.plist;
				LD_RUNPATH_SEARCH_PATHS = "$(inherited) @executable_path/Frameworks";
				PRODUCT_BUNDLE_IDENTIFIER = br.com.Keeper;
				PRODUCT_NAME = "$(TARGET_NAME)";
				SWIFT_VERSION = 3.0;
			};
			name = Release;
		};
/* End XCBuildConfiguration section */

/* Begin XCConfigurationList section */
		8491A7271F5739AD008CFFCE /* Build configuration list for PBXProject "Keeper" */ = {
			isa = XCConfigurationList;
			buildConfigurations = (
				8491A73F1F5739AD008CFFCE /* Debug */,
				8491A7401F5739AD008CFFCE /* Release */,
			);
			defaultConfigurationIsVisible = 0;
			defaultConfigurationName = Release;
		};
		8491A7411F5739AD008CFFCE /* Build configuration list for PBXNativeTarget "Keeper" */ = {
			isa = XCConfigurationList;
			buildConfigurations = (
				8491A7421F5739AD008CFFCE /* Debug */,
				8491A7431F5739AD008CFFCE /* Release */,
			);
			defaultConfigurationIsVisible = 0;
			defaultConfigurationName = Release;
		};
/* End XCConfigurationList section */

/* Begin XCVersionGroup section */
		8491A7361F5739AD008CFFCE /* Keeper.xcdatamodeld */ = {
			isa = XCVersionGroup;
			children = (
				8491A7371F5739AD008CFFCE /* Keeper.xcdatamodel */,
			);
			currentVersion = 8491A7371F5739AD008CFFCE /* Keeper.xcdatamodel */;
			path = Keeper.xcdatamodeld;
			sourceTree = "<group>";
			versionGroupType = wrapper.xcdatamodel;
		};
/* End XCVersionGroup section */
	};
	rootObject = 8491A7241F5739AD008CFFCE /* Project object */;
}
